
Microsoft Visual Studio Solution File, Format Version 12.00
# Visual Studio 14
VisualStudioVersion = 14.0.23107.0
MinimumVisualStudioVersion = 10.0.40219.1
Project("{2150E333-8FDC-42A3-9474-1A3956D46DE8}") = "src", "src", "{803823C8-E647-4CA5-BAF8-04C64DCE10F6}"
EndProject
Project("{2150E333-8FDC-42A3-9474-1A3956D46DE8}") = "Solution Items", "Solution Items", "{F3B5B923-798E-46C4-9180-6D265EBAAEBB}"
	ProjectSection(SolutionItems) = preProject
		global.json = global.json
		NuGet.Config = NuGet.Config
	EndProjectSection
EndProject
Project("{8BB2217D-0F2D-49D1-97BC-3654ED321F3B}") = "AppInsights.Web", "src\AppInsights.Web\AppInsights.Web.xproj", "{7BA88726-C65A-447B-9EAD-DD5268A0BF68}"
EndProject
Global
	GlobalSection(SolutionConfigurationPlatforms) = preSolution
		Debug|Any CPU = Debug|Any CPU
		Release|Any CPU = Release|Any CPU
	EndGlobalSection
	GlobalSection(ProjectConfigurationPlatforms) = postSolution
		{7BA88726-C65A-447B-9EAD-DD5268A0BF68}.Debug|Any CPU.ActiveCfg = Debug|Any CPU
		{7BA88726-C65A-447B-9EAD-DD5268A0BF68}.Debug|Any CPU.Build.0 = Debug|Any CPU
		{7BA88726-C65A-447B-9EAD-DD5268A0BF68}.Release|Any CPU.ActiveCfg = Release|Any CPU
		{7BA88726-C65A-447B-9EAD-DD5268A0BF68}.Release|Any CPU.Build.0 = Release|Any CPU
	EndGlobalSection
	GlobalSection(SolutionProperties) = preSolution
		HideSolutionNode = FALSE
	EndGlobalSection
	GlobalSection(NestedProjects) = preSolution
		{7BA88726-C65A-447B-9EAD-DD5268A0BF68} = {803823C8-E647-4CA5-BAF8-04C64DCE10F6}
	EndGlobalSection
EndGlobal
